
Microsoft Visual Studio Solution File, Format Version 12.00
# Visual Studio Version 17
VisualStudioVersion = 17.14.36327.8 d17.14
MinimumVisualStudioVersion = 10.0.40219.1
Project("{FAE04EC0-301F-11D3-BF4B-00C04F79EFBC}") = "Vegetable Ordering System", "Vegetable Ordering System\Vegetable Ordering System.csproj", "{51244F4E-CB3D-4746-AADF-77BFEA7813AB}"
EndProject
Global
	GlobalSection(SolutionConfigurationPlatforms) = preSolution
		Debug|Any CPU = Debug|Any CPU
		Release|Any CPU = Release|Any CPU
	EndGlobalSection
	GlobalSection(ProjectConfigurationPlatforms) = postSolution
		{51244F4E-CB3D-4746-AADF-77BFEA7813AB}.Debug|Any CPU.ActiveCfg = Debug|Any CPU
		{51244F4E-CB3D-4746-AADF-77BFEA7813AB}.Debug|Any CPU.Build.0 = Debug|Any CPU
		{51244F4E-CB3D-4746-AADF-77BFEA7813AB}.Release|Any CPU.ActiveCfg = Release|Any CPU
		{51244F4E-CB3D-4746-AADF-77BFEA7813AB}.Release|Any CPU.Build.0 = Release|Any CPU
	EndGlobalSection
	GlobalSection(SolutionProperties) = preSolution
		HideSolutionNode = FALSE
	EndGlobalSection
	GlobalSection(ExtensibilityGlobals) = postSolution
		SolutionGuid = {9BB9CA19-6F6D-4A63-81E3-00351DA9C88F}
	EndGlobalSection
EndGlobal
